
Microsoft Visual Studio Solution File, Format Version 12.00
# Visual Studio Version 17
VisualStudioVersion = 17.11.35312.102
MinimumVisualStudioVersion = 10.0.40219.1
Project("{9A19103F-16F7-4668-BE54-9A1E7A4F7556}") = "BlazorApp", "BlazorApp.csproj", "{CA45F84E-3E8B-46E6-8FC4-8FB406EAABEE}"
EndProject
Global
	GlobalSection(SolutionConfigurationPlatforms) = preSolution
		Debug|Any CPU = Debug|Any CPU
		Release|Any CPU = Release|Any CPU
	EndGlobalSection
	GlobalSection(ProjectConfigurationPlatforms) = postSolution
		{CA45F84E-3E8B-46E6-8FC4-8FB406EAABEE}.Debug|Any CPU.ActiveCfg = Debug|Any CPU
		{CA45F84E-3E8B-46E6-8FC4-8FB406EAABEE}.Debug|Any CPU.Build.0 = Debug|Any CPU
		{CA45F84E-3E8B-46E6-8FC4-8FB406EAABEE}.Release|Any CPU.ActiveCfg = Release|Any CPU
		{CA45F84E-3E8B-46E6-8FC4-8FB406EAABEE}.Release|Any CPU.Build.0 = Release|Any CPU
	EndGlobalSection
	GlobalSection(SolutionProperties) = preSolution
		HideSolutionNode = FALSE
	EndGlobalSection
	GlobalSection(ExtensibilityGlobals) = postSolution
		SolutionGuid = {B024D459-CCBE-4C70-A953-A6FCE02EE897}
	EndGlobalSection
EndGlobal
